<?xml version="1.0" encoding="utf-8"?>
<Project ToolsVersion="4.0" xmlns="http://schemas.microsoft.com/developer/msbuild/2003">
  <ItemGroup>
    <ClCompile Include="..\CubeMap.cpp" />
    <ClCompile Include="..\Geometry.cpp" />
    <ClCompile Include="..\LightSource.cpp" />
    <ClCompile Include="..\LSystem.cpp" />
    <ClCompile Include="..\main.cpp" />
    <ClCompile Include="..\Node.cpp" />
    <ClCompile Include="..\OBJObject.cpp" />
    <ClCompile Include="..\Particle.cpp" />
    <ClCompile Include="..\ParticleManager.cpp" />
    <ClCompile Include="..\Player.cpp" />
    <ClCompile Include="..\PlayerBody.cpp" />
    <ClCompile Include="..\Project3-texture.cpp" />
    <ClCompile Include="..\shader.cpp" />
    <ClCompile Include="..\Terrain.cpp" />
    <ClCompile Include="..\Totem.cpp" />
    <ClCompile Include="..\TotemPart.cpp" />
    <ClCompile Include="..\Transform.cpp" />
    <ClCompile Include="..\Window.cpp" />
    <ClCompile Include="..\Splash.cpp" />
    <ClCompile Include="..\SplashParticle.cpp" />
  </ItemGroup>
  <ItemGroup>
    <ClInclude Include="..\CubeMap.h" />
    <ClInclude Include="..\Geometry.h" />
    <ClInclude Include="..\LightSource.h" />
    <ClInclude Include="..\LSystem.h" />
    <ClInclude Include="..\main.h" />
    <ClInclude Include="..\Node.h" />
    <ClInclude Include="..\OBJObject.h" />
    <ClInclude Include="..\Particle.h" />
    <ClInclude Include="..\ParticleManager.h" />
    <ClInclude Include="..\Player.h" />
    <ClInclude Include="..\PlayerBody.h" />
    <ClInclude Include="..\Project3-texture.h" />
    <ClInclude Include="..\shader.h" />
    <ClInclude Include="..\Terrain.h" />
    <ClInclude Include="..\Totem.h" />
    <ClInclude Include="..\TotemPart.h" />
    <ClInclude Include="..\Transform.h" />
    <ClInclude Include="..\Window.h" />
    <ClInclude Include="..\Splash.h" />
    <ClInclude Include="..\SplashParticle.h" />
  </ItemGroup>
  <ItemGroup>
    <None Include="..\shader.frag" />
    <None Include="..\shader.vert" />
    <None Include="packages.config" />
  </ItemGroup>
</Project>